Microsoft Visual Studio Solution File, Format Version 11.00
# Visual Studio 2008

Project("{DC09D84C-7A58-1431-4287-C1C33F950423}") = "pacman project", "Assembly-CSharp.csproj", "{F18D208C-F7CC-9628-7B45-C0E22DF3020C}"
EndProject
Global
	GlobalSection(SolutionConfigurationPlatforms) = preSolution
		Debug|Any CPU = Debug|Any CPU
		Release|Any CPU = Release|Any CPU
	EndGlobalSection
	GlobalSection(ProjectConfigurationPlatforms) = postSolution
		{F18D208C-F7CC-9628-7B45-C0E22DF3020C}.Debug|Any CPU.ActiveCfg = Debug|Any CPU
		{F18D208C-F7CC-9628-7B45-C0E22DF3020C}.Debug|Any CPU.Build.0 = Debug|Any CPU
		{F18D208C-F7CC-9628-7B45-C0E22DF3020C}.Release|Any CPU.ActiveCfg = Release|Any CPU
		{F18D208C-F7CC-9628-7B45-C0E22DF3020C}.Release|Any CPU.Build.0 = Release|Any CPU
	EndGlobalSection
	GlobalSection(SolutionProperties) = preSolution
		HideSolutionNode = FALSE
	EndGlobalSection
	GlobalSection(MonoDevelopProperties) = preSolution
		StartupItem = Assembly-CSharp.csproj
	EndGlobalSection
EndGlobal
